// !$*UTF8*$!
{
	archiveVersion = 1;
	classes = {
	};
	objectVersion = 50;
	objects = {

/* Begin PBXBuildFile section */
		E85E5A7B2699C23800B53F5A /* FileController.swift in Sources */ = {isa = PBXBuildFile; fileRef = E85E5A7A2699C23800B53F5A /* FileController.swift */; };
		E8618ABD26D3DF2E00C18398 /* AppDelegate.swift in Sources */ = {isa = PBXBuildFile; fileRef = E8618ABC26D3DF2E00C18398 /* AppDelegate.swift */; };
		E8618ABF26D3DF5800C18398 /* MainSceneDelegate.swift in Sources */ = {isa = PBXBuildFile; fileRef = E8618ABE26D3DF5800C18398 /* MainSceneDelegate.swift */; };
		E86EFE652698563900265952 /* TextEditorApp.swift in Sources */ = {isa = PBXBuildFile; fileRef = E86EFE642698563900265952 /* TextEditorApp.swift */; };
		E86EFE672698563900265952 /* ContentView.swift in Sources */ = {isa = PBXBuildFile; fileRef = E86EFE662698563900265952 /* ContentView.swift */; };
		E86EFE692698563B00265952 /* Assets.xcassets in Resources */ = {isa = PBXBuildFile; fileRef = E86EFE682698563B00265952 /* Assets.xcassets */; };
		E86EFE6C2698563B00265952 /* Preview Assets.xcassets in Resources */ = {isa = PBXBuildFile; fileRef = E86EFE6B2698563B00265952 /* Preview Assets.xcassets */; };
		E86EFE772698563B00265952 /* TextEditorTests.swift in Sources */ = {isa = PBXBuildFile; fileRef = E86EFE762698563B00265952 /* TextEditorTests.swift */; };
		E86EFE822698563B00265952 /* TextEditorUITests.swift in Sources */ = {isa = PBXBuildFile; fileRef = E86EFE812698563B00265952 /* TextEditorUITests.swift */; };
		E86EFE902698575300265952 /* Preferences.swift in Sources */ = {isa = PBXBuildFile; fileRef = E86EFE8F2698575300265952 /* Preferences.swift */; };
		E86EFE922698607F00265952 /* TextFile.swift in Sources */ = {isa = PBXBuildFile; fileRef = E86EFE912698607F00265952 /* TextFile.swift */; };
		E86EFE942698628C00265952 /* DateHelper.swift in Sources */ = {isa = PBXBuildFile; fileRef = E86EFE932698628C00265952 /* DateHelper.swift */; };
		E86EFE9826986A4700265952 /* TextEditing.swift in Sources */ = {isa = PBXBuildFile; fileRef = E86EFE9726986A4700265952 /* TextEditing.swift */; };
		E8F3507726DA50DF00EE7C28 /* SaveDialog.swift in Sources */ = {isa = PBXBuildFile; fileRef = E8F3507626DA50DF00EE7C28 /* SaveDialog.swift */; };
/* End PBXBuildFile section */

/* Begin PBXContainerItemProxy section */
		E86EFE732698563B00265952 /* PBXContainerItemProxy */ = {
			isa = PBXContainerItemProxy;
			containerPortal = E86EFE592698563900265952 /* Project object */;
			proxyType = 1;
			remoteGlobalIDString = E86EFE602698563900265952;
			remoteInfo = TextEditor;
		};
		E86EFE7E2698563B00265952 /* PBXContainerItemProxy */ = {
			isa = PBXContainerItemProxy;
			containerPortal = E86EFE592698563900265952 /* Project object */;
			proxyType = 1;
			remoteGlobalIDString = E86EFE602698563900265952;
			remoteInfo = TextEditor;
		};
/* End PBXContainerItemProxy section */

/* Begin PBXFileReference section */
		E85E5A7A2699C23800B53F5A /* FileController.swift */ = {isa = PBXFileReference; fileEncoding = 4; lastKnownFileType = sourcecode.swift; path = FileController.swift; sourceTree = "<group>"; };
		E8618ABC26D3DF2E00C18398 /* AppDelegate.swift */ = {isa = PBXFileReference; lastKnownFileType = sourcecode.swift; path = AppDelegate.swift; sourceTree = "<group>"; };
		E8618ABE26D3DF5800C18398 /* MainSceneDelegate.swift */ = {isa = PBXFileReference; lastKnownFileType = sourcecode.swift; path = MainSceneDelegate.swift; sourceTree = "<group>"; };
		E86EFE612698563900265952 /* TextEditor.app */ = {isa = PBXFileReference; explicitFileType = wrapper.application; includeInIndex = 0; path = TextEditor.app; sourceTree = BUILT_PRODUCTS_DIR; };
		E86EFE642698563900265952 /* TextEditorApp.swift */ = {isa = PBXFileReference; lastKnownFileType = sourcecode.swift; path = TextEditorApp.swift; sourceTree = "<group>"; };
		E86EFE662698563900265952 /* ContentView.swift */ = {isa = PBXFileReference; lastKnownFileType = sourcecode.swift; path = ContentView.swift; sourceTree = "<group>"; };
		E86EFE682698563B00265952 /* Assets.xcassets */ = {isa = PBXFileReference; lastKnownFileType = folder.assetcatalog; path = Assets.xcassets; sourceTree = "<group>"; };
		E86EFE6B2698563B00265952 /* Preview Assets.xcassets */ = {isa = PBXFileReference; lastKnownFileType = folder.assetcatalog; path = "Preview Assets.xcassets"; sourceTree = "<group>"; };
		E86EFE6D2698563B00265952 /* Info.plist */ = {isa = PBXFileReference; lastKnownFileType = text.plist.xml; path = Info.plist; sourceTree = "<group>"; };
		E86EFE722698563B00265952 /* TextEditorTests.xctest */ = {isa = PBXFileReference; explicitFileType = wrapper.cfbundle; includeInIndex = 0; path = TextEditorTests.xctest; sourceTree = BUILT_PRODUCTS_DIR; };
		E86EFE762698563B00265952 /* TextEditorTests.swift */ = {isa = PBXFileReference; lastKnownFileType = sourcecode.swift; path = TextEditorTests.swift; sourceTree = "<group>"; };
		E86EFE782698563B00265952 /* Info.plist */ = {isa = PBXFileReference; lastKnownFileType = text.plist.xml; path = Info.plist; sourceTree = "<group>"; };
		E86EFE7D2698563B00265952 /* TextEditorUITests.xctest */ = {isa = PBXFileReference; explicitFileType = wrapper.cfbundle; includeInIndex = 0; path = TextEditorUITests.xctest; sourceTree = BUILT_PRODUCTS_DIR; };
		E86EFE812698563B00265952 /* TextEditorUITests.swift */ = {isa = PBXFileReference; lastKnownFileType = sourcecode.swift; path = TextEditorUITests.swift; sourceTree = "<group>"; };
		E86EFE832698563B00265952 /* Info.plist */ = {isa = PBXFileReference; lastKnownFileType = text.plist.xml; path = Info.plist; sourceTree = "<group>"; };
		E86EFE8F2698575300265952 /* Preferences.swift */ = {isa = PBXFileReference; lastKnownFileType = sourcecode.swift; path = Preferences.swift; sourceTree = "<group>"; };
		E86EFE912698607F00265952 /* TextFile.swift */ = {isa = PBXFileReference; lastKnownFileType = sourcecode.swift; path = TextFile.swift; sourceTree = "<group>"; };
		E86EFE932698628C00265952 /* DateHelper.swift */ = {isa = PBXFileReference; lastKnownFileType = sourcecode.swift; path = DateHelper.swift; sourceTree = "<group>"; };
		E86EFE9726986A4700265952 /* TextEditing.swift */ = {isa = PBXFileReference; lastKnownFileType = sourcecode.swift; path = TextEditing.swift; sourceTree = "<group>"; };
		E8F3507626DA50DF00EE7C28 /* SaveDialog.swift */ = {isa = PBXFileReference; lastKnownFileType = sourcecode.swift; path = SaveDialog.swift; sourceTree = "<group>"; };
/* End PBXFileReference section */

/* Begin PBXFrameworksBuildPhase section */
		E86EFE5E2698563900265952 /* Frameworks */ = {
			isa = PBXFrameworksBuildPhase;
			buildActionMask = 2147483647;
			files = (
			);
			runOnlyForDeploymentPostprocessing = 0;
		};
		E86EFE6F2698563B00265952 /* Frameworks */ = {
			isa = PBXFrameworksBuildPhase;
			buildActionMask = 2147483647;
			files = (
			);
			runOnlyForDeploymentPostprocessing = 0;
		};
		E86EFE7A2698563B00265952 /* Frameworks */ = {
			isa = PBXFrameworksBuildPhase;
			buildActionMask = 2147483647;
			files = (
			);
			runOnlyForDeploymentPostprocessing = 0;
		};
/* End PBXFrameworksBuildPhase section */

/* Begin PBXGroup section */
		E86EFE582698563900265952 = {
			isa = PBXGroup;
			children = (
				E86EFE632698563900265952 /* TextEditor */,
				E86EFE752698563B00265952 /* TextEditorTests */,
				E86EFE802698563B00265952 /* TextEditorUITests */,
				E86EFE622698563900265952 /* Products */,
			);
			sourceTree = "<group>";
		};
		E86EFE622698563900265952 /* Products */ = {
			isa = PBXGroup;
			children = (
				E86EFE612698563900265952 /* TextEditor.app */,
				E86EFE722698563B00265952 /* TextEditorTests.xctest */,
				E86EFE7D2698563B00265952 /* TextEditorUITests.xctest */,
			);
			name = Products;
			sourceTree = "<group>";
		};
		E86EFE632698563900265952 /* TextEditor */ = {
			isa = PBXGroup;
			children = (
				E86EFE932698628C00265952 /* DateHelper.swift */,
				E86EFE642698563900265952 /* TextEditorApp.swift */,
				E8618ABC26D3DF2E00C18398 /* AppDelegate.swift */,
				E8618ABE26D3DF5800C18398 /* MainSceneDelegate.swift */,
				E86EFE662698563900265952 /* ContentView.swift */,
				E86EFE9726986A4700265952 /* TextEditing.swift */,
				E8F3507626DA50DF00EE7C28 /* SaveDialog.swift */,
				E85E5A7A2699C23800B53F5A /* FileController.swift */,
				E86EFE8F2698575300265952 /* Preferences.swift */,
				E86EFE912698607F00265952 /* TextFile.swift */,
				E86EFE682698563B00265952 /* Assets.xcassets */,
				E86EFE6D2698563B00265952 /* Info.plist */,
				E86EFE6A2698563B00265952 /* Preview Content */,
			);
			path = TextEditor;
			sourceTree = "<group>";
		};
		E86EFE6A2698563B00265952 /* Preview Content */ = {
			isa = PBXGroup;
			children = (
				E86EFE6B2698563B00265952 /* Preview Assets.xcassets */,
			);
			path = "Preview Content";
			sourceTree = "<group>";
		};
		E86EFE752698563B00265952 /* TextEditorTests */ = {
			isa = PBXGroup;
			children = (
				E86EFE762698563B00265952 /* TextEditorTests.swift */,
				E86EFE782698563B00265952 /* Info.plist */,
			);
			path = TextEditorTests;
			sourceTree = "<group>";
		};
		E86EFE802698563B00265952 /* TextEditorUITests */ = {
			isa = PBXGroup;
			children = (
				E86EFE812698563B00265952 /* TextEditorUITests.swift */,
				E86EFE832698563B00265952 /* Info.plist */,
			);
			path = TextEditorUITests;
			sourceTree = "<group>";
		};
/* End PBXGroup section */

/* Begin PBXNativeTarget section */
		E86EFE602698563900265952 /* TextEditor */ = {
			isa = PBXNativeTarget;
			buildConfigurationList = E86EFE862698563B00265952 /* Build configuration list for PBXNativeTarget "TextEditor" */;
			buildPhases = (
				E86EFE5D2698563900265952 /* Sources */,
				E86EFE5E2698563900265952 /* Frameworks */,
				E86EFE5F2698563900265952 /* Resources */,
			);
			buildRules = (
			);
			dependencies = (
			);
			name = TextEditor;
			productName = TextEditor;
			productReference = E86EFE612698563900265952 /* TextEditor.app */;
			productType = "com.apple.product-type.application";
		};
		E86EFE712698563B00265952 /* TextEditorTests */ = {
			isa = PBXNativeTarget;
			buildConfigurationList = E86EFE892698563B00265952 /* Build configuration list for PBXNativeTarget "TextEditorTests" */;
			buildPhases = (
				E86EFE6E2698563B00265952 /* Sources */,
				E86EFE6F2698563B00265952 /* Frameworks */,
				E86EFE702698563B00265952 /* Resources */,
			);
			buildRules = (
			);
			dependencies = (
				E86EFE742698563B00265952 /* PBXTargetDependency */,
			);
			name = TextEditorTests;
			productName = TextEditorTests;
			productReference = E86EFE722698563B00265952 /* TextEditorTests.xctest */;
			productType = "com.apple.product-type.bundle.unit-test";
		};
		E86EFE7C2698563B00265952 /* TextEditorUITests */ = {
			isa = PBXNativeTarget;
			buildConfigurationList = E86EFE8C2698563B00265952 /* Build configuration list for PBXNativeTarget "TextEditorUITests" */;
			buildPhases = (
				E86EFE792698563B00265952 /* Sources */,
				E86EFE7A2698563B00265952 /* Frameworks */,
				E86EFE7B2698563B00265952 /* Resources */,
			);
			buildRules = (
			);
			dependencies = (
				E86EFE7F2698563B00265952 /* PBXTargetDependency */,
			);
			name = TextEditorUITests;
			productName = TextEditorUITests;
			productReference = E86EFE7D2698563B00265952 /* TextEditorUITests.xctest */;
			productType = "com.apple.product-type.bundle.ui-testing";
		};
/* End PBXNativeTarget section */

/* Begin PBXProject section */
		E86EFE592698563900265952 /* Project object */ = {
			isa = PBXProject;
			attributes = {
				LastSwiftUpdateCheck = 1250;
				LastUpgradeCheck = 1250;
				TargetAttributes = {
					E86EFE602698563900265952 = {
						CreatedOnToolsVersion = 12.5.1;
					};
					E86EFE712698563B00265952 = {
						CreatedOnToolsVersion = 12.5.1;
						TestTargetID = E86EFE602698563900265952;
					};
					E86EFE7C2698563B00265952 = {
						CreatedOnToolsVersion = 12.5.1;
						TestTargetID = E86EFE602698563900265952;
					};
				};
			};
			buildConfigurationList = E86EFE5C2698563900265952 /* Build configuration list for PBXProject "TextEditor" */;
			compatibilityVersion = "Xcode 9.3";
			developmentRegion = en;
			hasScannedForEncodings = 0;
			knownRegions = (
				en,
				Base,
			);
			mainGroup = E86EFE582698563900265952;
			productRefGroup = E86EFE622698563900265952 /* Products */;
			projectDirPath = "";
			projectRoot = "";
			targets = (
				E86EFE602698563900265952 /* TextEditor */,
				E86EFE712698563B00265952 /* TextEditorTests */,
				E86EFE7C2698563B00265952 /* TextEditorUITests */,
			);
		};
/* End PBXProject section */

/* Begin PBXResourcesBuildPhase section */
		E86EFE5F2698563900265952 /* Resources */ = {
			isa = PBXResourcesBuildPhase;
			buildActionMask = 2147483647;
			files = (
				E86EFE6C2698563B00265952 /* Preview Assets.xcassets in Resources */,
				E86EFE692698563B00265952 /* Assets.xcassets in Resources */,
			);
			runOnlyForDeploymentPostprocessing = 0;
		};
		E86EFE702698563B00265952 /* Resources */ = {
			isa = PBXResourcesBuildPhase;
			buildActionMask = 2147483647;
			files = (
			);
			runOnlyForDeploymentPostprocessing = 0;
		};
		E86EFE7B2698563B00265952 /* Resources */ = {
			isa = PBXResourcesBuildPhase;
			buildActionMask = 2147483647;
			files = (
			);
			runOnlyForDeploymentPostprocessing = 0;
		};
/* End PBXResourcesBuildPhase section */

/* Begin PBXSourcesBuildPhase section */
		E86EFE5D2698563900265952 /* Sources */ = {
			isa = PBXSourcesBuildPhase;
			buildActionMask = 2147483647;
			files = (
				E8618ABF26D3DF5800C18398 /* MainSceneDelegate.swift in Sources */,
				E86EFE942698628C00265952 /* DateHelper.swift in Sources */,
				E86EFE672698563900265952 /* ContentView.swift in Sources */,
				E85E5A7B2699C23800B53F5A /* FileController.swift in Sources */,
				E86EFE652698563900265952 /* TextEditorApp.swift in Sources */,
				E8F3507726DA50DF00EE7C28 /* SaveDialog.swift in Sources */,
				E86EFE9826986A4700265952 /* TextEditing.swift in Sources */,
				E86EFE922698607F00265952 /* TextFile.swift in Sources */,
				E8618ABD26D3DF2E00C18398 /* AppDelegate.swift in Sources */,
				E86EFE902698575300265952 /* Preferences.swift in Sources */,
			);
			runOnlyForDeploymentPostprocessing = 0;
		};
		E86EFE6E2698563B00265952 /* Sources */ = {
			isa = PBXSourcesBuildPhase;
			buildActionMask = 2147483647;
			files = (
				E86EFE772698563B00265952 /* TextEditorTests.swift in Sources */,
			);
			runOnlyForDeploymentPostprocessing = 0;
		};
		E86EFE792698563B00265952 /* Sources */ = {
			isa = PBXSourcesBuildPhase;
			buildActionMask = 2147483647;
			files = (
				E86EFE822698563B00265952 /* TextEditorUITests.swift in Sources */,
			);
			runOnlyForDeploymentPostprocessing = 0;
		};
/* End PBXSourcesBuildPhase section */

/* Begin PBXTargetDependency section */
		E86EFE742698563B00265952 /* PBXTargetDependency */ = {
			isa = PBXTargetDependency;
			target = E86EFE602698563900265952 /* TextEditor */;
			targetProxy = E86EFE732698563B00265952 /* PBXContainerItemProxy */;
		};
		E86EFE7F2698563B00265952 /* PBXTargetDependency */ = {
			isa = PBXTargetDependency;
			target = E86EFE602698563900265952 /* TextEditor */;
			targetProxy = E86EFE7E2698563B00265952 /* PBXContainerItemProxy */;
		};
/* End PBXTargetDependency section */

/* Begin XCBuildConfiguration section */
		E86EFE842698563B00265952 /* Debug */ = {
			isa = XCBuildConfiguration;
			buildSettings = {
				ALWAYS_SEARCH_USER_PATHS = NO;
				CLANG_ANALYZER_NONNULL = YES;
				CLANG_ANALYZER_NUMBER_OBJECT_CONVERSION = YES_AGGRESSIVE;
				CLANG_CXX_LANGUAGE_STANDARD = "gnu++14";
				CLANG_CXX_LIBRARY = "libc++";
				CLANG_ENABLE_MODULES = YES;
				CLANG_ENABLE_OBJC_ARC = YES;
				CLANG_ENABLE_OBJC_WEAK = YES;
				CLANG_WARN_BLOCK_CAPTURE_AUTORELEASING = YES;
				CLANG_WARN_BOOL_CONVERSION = YES;
				CLANG_WARN_COMMA = YES;
				CLANG_WARN_CONSTANT_CONVERSION = YES;
				CLANG_WARN_DEPRECATED_OBJC_IMPLEMENTATIONS = YES;
				CLANG_WARN_DIRECT_OBJC_ISA_USAGE = YES_ERROR;
				CLANG_WARN_DOCUMENTATION_COMMENTS = YES;
				CLANG_WARN_EMPTY_BODY = YES;
				CLANG_WARN_ENUM_CONVERSION = YES;
				CLANG_WARN_INFINITE_RECURSION = YES;
				CLANG_WARN_INT_CONVERSION = YES;
				CLANG_WARN_NON_LITERAL_NULL_CONVERSION = YES;
				CLANG_WARN_OBJC_IMPLICIT_RETAIN_SELF = YES;
				CLANG_WARN_OBJC_LITERAL_CONVERSION = YES;
				CLANG_WARN_OBJC_ROOT_CLASS = YES_ERROR;
				CLANG_WARN_QUOTED_INCLUDE_IN_FRAMEWORK_HEADER = YES;
				CLANG_WARN_RANGE_LOOP_ANALYSIS = YES;
				CLANG_WARN_STRICT_PROTOTYPES = YES;
				CLANG_WARN_SUSPICIOUS_MOVE = YES;
				CLANG_WARN_UNGUARDED_AVAILABILITY = YES_AGGRESSIVE;
				CLANG_WARN_UNREACHABLE_CODE = YES;
				CLANG_WARN__DUPLICATE_METHOD_MATCH = YES;
				COPY_PHASE_STRIP = NO;
				DEBUG_INFORMATION_FORMAT = dwarf;
				ENABLE_STRICT_OBJC_MSGSEND = YES;
				ENABLE_TESTABILITY = YES;
				GCC_C_LANGUAGE_STANDARD = gnu11;
				GCC_DYNAMIC_NO_PIC = NO;
				GCC_NO_COMMON_BLOCKS = YES;
				GCC_OPTIMIZATION_LEVEL = 0;
				GCC_PREPROCESSOR_DEFINITIONS = (
					"DEBUG=1",
					"$(inherited)",
				);
				GCC_WARN_64_TO_32_BIT_CONVERSION = YES;
				GCC_WARN_ABOUT_RETURN_TYPE = YES_ERROR;
				GCC_WARN_UNDECLARED_SELECTOR = YES;
				GCC_WARN_UNINITIALIZED_AUTOS = YES_AGGRESSIVE;
				GCC_WARN_UNUSED_FUNCTION = YES;
				GCC_WARN_UNUSED_VARIABLE = YES;
				IPHONEOS_DEPLOYMENT_TARGET = 14.5;
				MTL_ENABLE_DEBUG_INFO = INCLUDE_SOURCE;
				MTL_FAST_MATH = YES;
				ONLY_ACTIVE_ARCH = YES;
				SDKROOT = iphoneos;
				SWIFT_ACTIVE_COMPILATION_CONDITIONS = DEBUG;
				SWIFT_OPTIMIZATION_LEVEL = "-Onone";
			};
			name = Debug;
		};
		E86EFE852698563B00265952 /* Release */ = {
			isa = XCBuildConfiguration;
			buildSettings = {
				ALWAYS_SEARCH_USER_PATHS = NO;
				CLANG_ANALYZER_NONNULL = YES;
				CLANG_ANALYZER_NUMBER_OBJECT_CONVERSION = YES_AGGRESSIVE;
				CLANG_CXX_LANGUAGE_STANDARD = "gnu++14";
				CLANG_CXX_LIBRARY = "libc++";
				CLANG_ENABLE_MODULES = YES;
				CLANG_ENABLE_OBJC_ARC = YES;
				CLANG_ENABLE_OBJC_WEAK = YES;
				CLANG_WARN_BLOCK_CAPTURE_AUTORELEASING = YES;
				CLANG_WARN_BOOL_CONVERSION = YES;
				CLANG_WARN_COMMA = YES;
				CLANG_WARN_CONSTANT_CONVERSION = YES;
				CLANG_WARN_DEPRECATED_OBJC_IMPLEMENTATIONS = YES;
				CLANG_WARN_DIRECT_OBJC_ISA_USAGE = YES_ERROR;
				CLANG_WARN_DOCUMENTATION_COMMENTS = YES;
				CLANG_WARN_EMPTY_BODY = YES;
				CLANG_WARN_ENUM_CONVERSION = YES;
				CLANG_WARN_INFINITE_RECURSION = YES;
				CLANG_WARN_INT_CONVERSION = YES;
				CLANG_WARN_NON_LITERAL_NULL_CONVERSION = YES;
				CLANG_WARN_OBJC_IMPLICIT_RETAIN_SELF = YES;
				CLANG_WARN_OBJC_LITERAL_CONVERSION = YES;
				CLANG_WARN_OBJC_ROOT_CLASS = YES_ERROR;
				CLANG_WARN_QUOTED_INCLUDE_IN_FRAMEWORK_HEADER = YES;
				CLANG_WARN_RANGE_LOOP_ANALYSIS = YES;
				CLANG_WARN_STRICT_PROTOTYPES = YES;
				CLANG_WARN_SUSPICIOUS_MOVE = YES;
				CLANG_WARN_UNGUARDED_AVAILABILITY = YES_AGGRESSIVE;
				CLANG_WARN_UNREACHABLE_CODE = YES;
				CLANG_WARN__DUPLICATE_METHOD_MATCH = YES;
				COPY_PHASE_STRIP = NO;
				DEBUG_INFORMATION_FORMAT = "dwarf-with-dsym";
				ENABLE_NS_ASSERTIONS = NO;
				ENABLE_STRICT_OBJC_MSGSEND = YES;
				GCC_C_LANGUAGE_STANDARD = gnu11;
				GCC_NO_COMMON_BLOCKS = YES;
				GCC_WARN_64_TO_32_BIT_CONVERSION = YES;
				GCC_WARN_ABOUT_RETURN_TYPE = YES_ERROR;
				GCC_WARN_UNDECLARED_SELECTOR = YES;
				GCC_WARN_UNINITIALIZED_AUTOS = YES_AGGRESSIVE;
				GCC_WARN_UNUSED_FUNCTION = YES;
				GCC_WARN_UNUSED_VARIABLE = YES;
				IPHONEOS_DEPLOYMENT_TARGET = 14.5;
				MTL_ENABLE_DEBUG_INFO = NO;
				MTL_FAST_MATH = YES;
				SDKROOT = iphoneos;
				SWIFT_COMPILATION_MODE = wholemodule;
				SWIFT_OPTIMIZATION_LEVEL = "-O";
				VALIDATE_PRODUCT = YES;
			};
			name = Release;
		};
		E86EFE872698563B00265952 /* Debug */ = {
			isa = XCBuildConfiguration;
			buildSettings = {
				ASSETCATALOG_COMPILER_APPICON_NAME = AppIcon;
				ASSETCATALOG_COMPILER_GLOBAL_ACCENT_COLOR_NAME = AccentColor;
				ASSETCATALOG_COMPILER_INCLUDE_ALL_APPICON_ASSETS = NO;
				CODE_SIGN_IDENTITY = "Apple Development";
				CODE_SIGN_STYLE = Automatic;
				DEVELOPMENT_ASSET_PATHS = "\"TextEditor/Preview Content\"";
				DEVELOPMENT_TEAM = NFCV56FYWZ;
				ENABLE_PREVIEWS = YES;
				INFOPLIST_FILE = TextEditor/Info.plist;
				IPHONEOS_DEPLOYMENT_TARGET = 15.0;
				LD_RUNPATH_SEARCH_PATHS = (
					"$(inherited)",
					"@executable_path/Frameworks",
				);
				PRODUCT_BUNDLE_IDENTIFIER = com.sergeymashentsev.TXTEditor;
				PRODUCT_NAME = "$(TARGET_NAME)";
				PROVISIONING_PROFILE_SPECIFIER = "";
				SWIFT_VERSION = 5.0;
				TARGETED_DEVICE_FAMILY = 1;
			};
			name = Debug;
		};
		E86EFE882698563B00265952 /* Release */ = {
			isa = XCBuildConfiguration;
			buildSettings = {
				ASSETCATALOG_COMPILER_APPICON_NAME = AppIcon;
				ASSETCATALOG_COMPILER_GLOBAL_ACCENT_COLOR_NAME = AccentColor;
				ASSETCATALOG_COMPILER_INCLUDE_ALL_APPICON_ASSETS = NO;
				CODE_SIGN_IDENTITY = "Apple Development";
				CODE_SIGN_STYLE = Automatic;
				DEVELOPMENT_ASSET_PATHS = "\"TextEditor/Preview Content\"";
				DEVELOPMENT_TEAM = NFCV56FYWZ;
				ENABLE_PREVIEWS = YES;
				INFOPLIST_FILE = TextEditor/Info.plist;
				IPHONEOS_DEPLOYMENT_TARGET = 15.0;
				LD_RUNPATH_SEARCH_PATHS = (
					"$(inherited)",
					"@executable_path/Frameworks",
				);
				PRODUCT_BUNDLE_IDENTIFIER = com.sergeymashentsev.TXTEditor;
				PRODUCT_NAME = "$(TARGET_NAME)";
				PROVISIONING_PROFILE_SPECIFIER = "";
				SWIFT_VERSION = 5.0;
				TARGETED_DEVICE_FAMILY = 1;
			};
			name = Release;
		};
		E86EFE8A2698563B00265952 /* Debug */ = {
			isa = XCBuildConfiguration;
			buildSettings = {
				ALWAYS_EMBED_SWIFT_STANDARD_LIBRARIES = YES;
				BUNDLE_LOADER = "$(TEST_HOST)";
				CODE_SIGN_STYLE = Automatic;
				DEVELOPMENT_TEAM = PVP7Z4ZF83;
				INFOPLIST_FILE = TextEditorTests/Info.plist;
				IPHONEOS_DEPLOYMENT_TARGET = 14.0;
				LD_RUNPATH_SEARCH_PATHS = (
					"$(inherited)",
					"@executable_path/Frameworks",
					"@loader_path/Frameworks",
				);
				PRODUCT_BUNDLE_IDENTIFIER = com.sergeymashentsev.TextEditorTests;
				PRODUCT_NAME = "$(TARGET_NAME)";
				SWIFT_VERSION = 5.0;
				TARGETED_DEVICE_FAMILY = "1,2";
				TEST_HOST = "$(BUILT_PRODUCTS_DIR)/TextEditor.app/TextEditor";
			};
			name = Debug;
		};
		E86EFE8B2698563B00265952 /* Release */ = {
			isa = XCBuildConfiguration;
			buildSettings = {
				ALWAYS_EMBED_SWIFT_STANDARD_LIBRARIES = YES;
				BUNDLE_LOADER = "$(TEST_HOST)";
				CODE_SIGN_STYLE = Automatic;
				DEVELOPMENT_TEAM = PVP7Z4ZF83;
				INFOPLIST_FILE = TextEditorTests/Info.plist;
				IPHONEOS_DEPLOYMENT_TARGET = 14.0;
				LD_RUNPATH_SEARCH_PATHS = (
					"$(inherited)",
					"@executable_path/Frameworks",
					"@loader_path/Frameworks",
				);
				PRODUCT_BUNDLE_IDENTIFIER = com.sergeymashentsev.TextEditorTests;
				PRODUCT_NAME = "$(TARGET_NAME)";
				SWIFT_VERSION = 5.0;
				TARGETED_DEVICE_FAMILY = "1,2";
				TEST_HOST = "$(BUILT_PRODUCTS_DIR)/TextEditor.app/TextEditor";
			};
			name = Release;
		};
		E86EFE8D2698563B00265952 /* Debug */ = {
			isa = XCBuildConfiguration;
			buildSettings = {
				ALWAYS_EMBED_SWIFT_STANDARD_LIBRARIES = YES;
				CODE_SIGN_STYLE = Automatic;
				DEVELOPMENT_TEAM = PVP7Z4ZF83;
				INFOPLIST_FILE = TextEditorUITests/Info.plist;
				LD_RUNPATH_SEARCH_PATHS = (
					"$(inherited)",
					"@executable_path/Frameworks",
					"@loader_path/Frameworks",
				);
				PRODUCT_BUNDLE_IDENTIFIER = com.sergeymashentsev.TextEditorUITests;
				PRODUCT_NAME = "$(TARGET_NAME)";
				SWIFT_VERSION = 5.0;
				TARGETED_DEVICE_FAMILY = "1,2";
				TEST_TARGET_NAME = TextEditor;
			};
			name = Debug;
		};
		E86EFE8E2698563B00265952 /* Release */ = {
			isa = XCBuildConfiguration;
			buildSettings = {
				ALWAYS_EMBED_SWIFT_STANDARD_LIBRARIES = YES;
				CODE_SIGN_STYLE = Automatic;
				DEVELOPMENT_TEAM = PVP7Z4ZF83;
				INFOPLIST_FILE = TextEditorUITests/Info.plist;
				LD_RUNPATH_SEARCH_PATHS = (
					"$(inherited)",
					"@executable_path/Frameworks",
					"@loader_path/Frameworks",
				);
				PRODUCT_BUNDLE_IDENTIFIER = com.sergeymashentsev.TextEditorUITests;
				PRODUCT_NAME = "$(TARGET_NAME)";
				SWIFT_VERSION = 5.0;
				TARGETED_DEVICE_FAMILY = "1,2";
				TEST_TARGET_NAME = TextEditor;
			};
			name = Release;
		};
/* End XCBuildConfiguration section */

/* Begin XCConfigurationList section */
		E86EFE5C2698563900265952 /* Build configuration list for PBXProject "TextEditor" */ = {
			isa = XCConfigurationList;
			buildConfigurations = (
				E86EFE842698563B00265952 /* Debug */,
				E86EFE852698563B00265952 /* Release */,
			);
			defaultConfigurationIsVisible = 0;
			defaultConfigurationName = Release;
		};
		E86EFE862698563B00265952 /* Build configuration list for PBXNativeTarget "TextEditor" */ = {
			isa = XCConfigurationList;
			buildConfigurations = (
				E86EFE872698563B00265952 /* Debug */,
				E86EFE882698563B00265952 /* Release */,
			);
			defaultConfigurationIsVisible = 0;
			defaultConfigurationName = Release;
		};
		E86EFE892698563B00265952 /* Build configuration list for PBXNativeTarget "TextEditorTests" */ = {
			isa = XCConfigurationList;
			buildConfigurations = (
				E86EFE8A2698563B00265952 /* Debug */,
				E86EFE8B2698563B00265952 /* Release */,
			);
			defaultConfigurationIsVisible = 0;
			defaultConfigurationName = Release;
		};
		E86EFE8C2698563B00265952 /* Build configuration list for PBXNativeTarget "TextEditorUITests" */ = {
			isa = XCConfigurationList;
			buildConfigurations = (
				E86EFE8D2698563B00265952 /* Debug */,
				E86EFE8E2698563B00265952 /* Release */,
			);
			defaultConfigurationIsVisible = 0;
			defaultConfigurationName = Release;
		};
/* End XCConfigurationList section */
	};
	rootObject = E86EFE592698563900265952 /* Project object */;
}
